PODS:
  - Flutter (1.0.0)
  - flutter_boost (0.0.2):
    - Flutter
  - FlutterPluginRegistrant (0.0.1):
    - Flutter
    - flutter_boost
  - xxapp_module (0.0.1):
    - Flutter
  - ZFlutterUtils (0.1.0):
    - flutter_boost (~> 0.0.1)

DEPENDENCIES:
  - Flutter (from `xxapp_module/.ios/Flutter/engine`)
  - flutter_boost (from `xxapp_module/.ios/Flutter/.symlinks/flutter_boost/ios`)
  - FlutterPluginRegistrant (from `xxapp_module/.ios/Flutter/FlutterPluginRegistrant`)
  - xxapp_module (from `xxapp_module/.ios/Flutter`)
  - ZFlutterUtils (from `../`)

EXTERNAL SOURCES:
  Flutter:
    :path: xxapp_module/.ios/Flutter/engine
  flutter_boost:
    :path: xxapp_module/.ios/Flutter/.symlinks/flutter_boost/ios
  FlutterPluginRegistrant:
    :path: xxapp_module/.ios/Flutter/FlutterPluginRegistrant
  xxapp_module:
    :path: xxapp_module/.ios/Flutter
  ZFlutterUtils:
    :path: "../"

SPEC CHECKSUMS:
  Flutter: 0e3d915762c693b495b44d77113d4970485de6ec
  flutter_boost: a7cfa776b75329d5e7d101d0cd33e75042bcde69
  FlutterPluginRegistrant: 717df6b322c7d500c17eeff54284c74ed5410c7b
  xxapp_module: 736ed3cd885b7d1137d51c051b9092d3d150a9d2
  ZFlutterUtils: bae0a490b4d339a45ff859c36133937844b50614

PODFILE CHECKSUM: c098fdd2a50ed2f436ba54d90447f1ef630cdd5e

COCOAPODS: 1.8.4
